# THIS IS AN AUTOGENERATED FILE. DO NOT EDIT THIS FILE DIRECTLY.
# yarn lockfile v1


"local-file-dependency@link:../local-file-dependency":
  version "0.0.0"
  uid ""

lodash@^4.17.5:
  version "4.17.5"
  resolved "https://registry.yarnpkg.com/lodash/-/lodash-4.17.5.tgz#99a92d65c0272debe8c96b6057bc8fbfa3bed511"

"yarn2nix-example-a@file:../yarn2nix-example-a":
  version "1.0.0"
  dependencies:
    yarn2nix-example-b "git+ssh://git@github.com/eqyiel/yarn2nix-example-b.git#c41c298"

"yarn2nix-example-b@git+ssh://git@github.com/eqyiel/yarn2nix-example-b.git#c41c298":
  version "1.0.0"
  resolved "git+ssh://git@github.com/eqyiel/yarn2nix-example-b.git#c41c29880e9346b7f4bb25e51d977f1339f5228a"
  dependencies:
    yarn2nix-example-c "git+ssh://git@github.com/eqyiel/yarn2nix-example-c.git#9a795e8"

"yarn2nix-example-c@git+ssh://git@github.com/eqyiel/yarn2nix-example-c.git#9a795e8":
  version "1.0.0"
  resolved "git+ssh://git@github.com/eqyiel/yarn2nix-example-c.git#9a795e81dc054b6b74211874898e44f3b762b5a3"
  dependencies:
    lodash "^4.17.5"
