# THIS IS AN AUTOGENERATED FILE. DO NOT EDIT THIS FILE DIRECTLY.
# yarn lockfile v1


"shell-quote@git+https://github.com/srghma/node-shell-quote.git#without_unlicenced_jsonify":
  version "1.6.0"
  resolved "git+https://github.com/srghma/node-shell-quote.git#0aa381896e0cd7409ead15fd444f225807a61e0a"
